
Microsoft Visual Studio Solution File, Format Version 12.00
# Visual Studio Version 17
VisualStudioVersion = 17.6.33815.320
MinimumVisualStudioVersion = 10.0.40219.1
Project("{9A19103F-16F7-4668-BE54-9A1E7A4F7556}") = "RabbitMQ.Publisher", "RabbitMQ.Publisher\RabbitMQ.Publisher.csproj", "{CDF2DDAA-5E74-4AAD-A3E4-D86E7E8FA759}"
EndProject
Project("{9A19103F-16F7-4668-BE54-9A1E7A4F7556}") = "RabbitMQ.Subscriber", "RabbitMQ.Subscriber\RabbitMQ.Subscriber.csproj", "{EA6FC2D1-4A97-4437-B590-42890990AED6}"
EndProject
Project("{9A19103F-16F7-4668-BE54-9A1E7A4F7556}") = "Shared", "Shared\Shared.csproj", "{D162D411-54EB-4D1B-BE05-86FB5E2F7DCC}"
EndProject
Project("{9A19103F-16F7-4668-BE54-9A1E7A4F7556}") = "RabbitMQWeb.Watermark", "RabbitMQWeb.Watermark\RabbitMQWeb.Watermark.csproj", "{6BFD282A-14BC-4A8F-BFE0-09910DCCB03F}"
EndProject
Project("{9A19103F-16F7-4668-BE54-9A1E7A4F7556}") = "RabbitMQWeb.ExcelCreate", "RabbitMQWeb.ExcelCreate\RabbitMQWeb.ExcelCreate.csproj", "{DA7E5554-B997-4691-A42F-977B2F77788F}"
EndProject
Project("{FAE04EC0-301F-11D3-BF4B-00C04F79EFBC}") = "FileCreateWorkerService", "FileCreateWorkerService\FileCreateWorkerService.csproj", "{31F35B8C-0A2F-4C95-BFC3-8E83BAE81708}"
EndProject
Global
	GlobalSection(SolutionConfigurationPlatforms) = preSolution
		Debug|Any CPU = Debug|Any CPU
		Release|Any CPU = Release|Any CPU
	EndGlobalSection
	GlobalSection(ProjectConfigurationPlatforms) = postSolution
		{CDF2DDAA-5E74-4AAD-A3E4-D86E7E8FA759}.Debug|Any CPU.ActiveCfg = Debug|Any CPU
		{CDF2DDAA-5E74-4AAD-A3E4-D86E7E8FA759}.Debug|Any CPU.Build.0 = Debug|Any CPU
		{CDF2DDAA-5E74-4AAD-A3E4-D86E7E8FA759}.Release|Any CPU.ActiveCfg = Release|Any CPU
		{CDF2DDAA-5E74-4AAD-A3E4-D86E7E8FA759}.Release|Any CPU.Build.0 = Release|Any CPU
		{EA6FC2D1-4A97-4437-B590-42890990AED6}.Debug|Any CPU.ActiveCfg = Debug|Any CPU
		{EA6FC2D1-4A97-4437-B590-42890990AED6}.Debug|Any CPU.Build.0 = Debug|Any CPU
		{EA6FC2D1-4A97-4437-B590-42890990AED6}.Release|Any CPU.ActiveCfg = Release|Any CPU
		{EA6FC2D1-4A97-4437-B590-42890990AED6}.Release|Any CPU.Build.0 = Release|Any CPU
		{D162D411-54EB-4D1B-BE05-86FB5E2F7DCC}.Debug|Any CPU.ActiveCfg = Debug|Any CPU
		{D162D411-54EB-4D1B-BE05-86FB5E2F7DCC}.Debug|Any CPU.Build.0 = Debug|Any CPU
		{D162D411-54EB-4D1B-BE05-86FB5E2F7DCC}.Release|Any CPU.ActiveCfg = Release|Any CPU
		{D162D411-54EB-4D1B-BE05-86FB5E2F7DCC}.Release|Any CPU.Build.0 = Release|Any CPU
		{6BFD282A-14BC-4A8F-BFE0-09910DCCB03F}.Debug|Any CPU.ActiveCfg = Debug|Any CPU
		{6BFD282A-14BC-4A8F-BFE0-09910DCCB03F}.Debug|Any CPU.Build.0 = Debug|Any CPU
		{6BFD282A-14BC-4A8F-BFE0-09910DCCB03F}.Release|Any CPU.ActiveCfg = Release|Any CPU
		{6BFD282A-14BC-4A8F-BFE0-09910DCCB03F}.Release|Any CPU.Build.0 = Release|Any CPU
		{DA7E5554-B997-4691-A42F-977B2F77788F}.Debug|Any CPU.ActiveCfg = Debug|Any CPU
		{DA7E5554-B997-4691-A42F-977B2F77788F}.Debug|Any CPU.Build.0 = Debug|Any CPU
		{DA7E5554-B997-4691-A42F-977B2F77788F}.Release|Any CPU.ActiveCfg = Release|Any CPU
		{DA7E5554-B997-4691-A42F-977B2F77788F}.Release|Any CPU.Build.0 = Release|Any CPU
		{31F35B8C-0A2F-4C95-BFC3-8E83BAE81708}.Debug|Any CPU.ActiveCfg = Debug|Any CPU
		{31F35B8C-0A2F-4C95-BFC3-8E83BAE81708}.Debug|Any CPU.Build.0 = Debug|Any CPU
		{31F35B8C-0A2F-4C95-BFC3-8E83BAE81708}.Release|Any CPU.ActiveCfg = Release|Any CPU
		{31F35B8C-0A2F-4C95-BFC3-8E83BAE81708}.Release|Any CPU.Build.0 = Release|Any CPU
	EndGlobalSection
	GlobalSection(SolutionProperties) = preSolution
		HideSolutionNode = FALSE
	EndGlobalSection
	GlobalSection(ExtensibilityGlobals) = postSolution
		SolutionGuid = {876CA494-630A-41F0-BBC0-B0AD04DA579D}
	EndGlobalSection
EndGlobal
